Microsoft Visual Studio Solution File, Format Version 12.00
# Visual Studio Version 17
VisualStudioVersion = 17.7.34031.279
MinimumVisualStudioVersion = 10.0.40219.1
Project("{9A19103F-16F7-4668-BE54-9A1E7A4F7556}") = "CityGuide.API", "CityGuide.API.csproj", "{08C30E8F-1D74-4716-A08D-868E5091C37A}"
EndProject
Global
	GlobalSection(SolutionConfigurationPlatforms) = preSolution
		Debug|Any CPU = Debug|Any CPU
		Release|Any CPU = Release|Any CPU
	EndGlobalSection
	GlobalSection(ProjectConfigurationPlatforms) = postSolution
		{08C30E8F-1D74-4716-A08D-868E5091C37A}.Debug|Any CPU.ActiveCfg = Debug|Any CPU
		{08C30E8F-1D74-4716-A08D-868E5091C37A}.Debug|Any CPU.Build.0 = Debug|Any CPU
		{08C30E8F-1D74-4716-A08D-868E5091C37A}.Release|Any CPU.ActiveCfg = Release|Any CPU
		{08C30E8F-1D74-4716-A08D-868E5091C37A}.Release|Any CPU.Build.0 = Release|Any CPU
	EndGlobalSection
	GlobalSection(SolutionProperties) = preSolution
		HideSolutionNode = FALSE
	EndGlobalSection
	GlobalSection(NestedProjects) = preSolution
		{08C30E8F-1D74-4716-A08D-868E5091C37A} = {793790B6-9B21-486D-A54A-F673817795C8}
	EndGlobalSection
	GlobalSection(ExtensibilityGlobals) = postSolution
		SolutionGuid = {05B09404-9BBE-462B-86CC-67634C6F2C5B}
	EndGlobalSection
EndGlobal